
Microsoft Visual Studio Solution File, Format Version 12.00
Project("{FAE04EC0-301F-11D3-BF4B-00C04F79EFBC}") = "Fuksi.Common.Queue", "Fuksi.Common.Queue\Fuksi.Common.Queue.csproj", "{9F4BF9A9-7954-4563-9EB5-F859725B3136}"
EndProject
Global
	GlobalSection(SolutionConfigurationPlatforms) = preSolution
		Debug|Any CPU = Debug|Any CPU
		Release|Any CPU = Release|Any CPU
	EndGlobalSection
	GlobalSection(ProjectConfigurationPlatforms) = postSolution
		{9F4BF9A9-7954-4563-9EB5-F859725B3136}.Debug|Any CPU.ActiveCfg = Debug|Any CPU
		{9F4BF9A9-7954-4563-9EB5-F859725B3136}.Debug|Any CPU.Build.0 = Debug|Any CPU
		{9F4BF9A9-7954-4563-9EB5-F859725B3136}.Release|Any CPU.ActiveCfg = Release|Any CPU
		{9F4BF9A9-7954-4563-9EB5-F859725B3136}.Release|Any CPU.Build.0 = Release|Any CPU
	EndGlobalSection
EndGlobal
